
Microsoft Visual Studio Solution File, Format Version 12.00
Project("{FAE04EC0-301F-11D3-BF4B-00C04F79EFBC}") = "Regul", "src\Regul\Regul.csproj", "{E9ED0E74-8E97-4423-899E-A7813F6C4360}"
EndProject
Project("{FAE04EC0-301F-11D3-BF4B-00C04F79EFBC}") = "PleasantUI", "src\PleasantUI\PleasantUI.csproj", "{2189B03D-2CF0-460B-BDFC-C28F4DE580A1}"
EndProject
Project("{FAE04EC0-301F-11D3-BF4B-00C04F79EFBC}") = "Regul.Assets", "src\Regul.Assets\Regul.Assets.csproj", "{C5BC17BF-8B1F-482C-A3C5-D25B48527169}"
EndProject
Project("{2150E333-8FDC-42A3-9474-1A3956D46DE8}") = "build", "build", "{7347E1FA-325B-4DFC-80C1-8A5247E2CA2F}"
	ProjectSection(SolutionItems) = preProject
		build\PlatformDependentCompilation.props = build\PlatformDependentCompilation.props
		build\Avalonia.props = build\Avalonia.props
		build\AvaloniaDesktop.props = build\AvaloniaDesktop.props
		build\AvaloniaDiagnostics.props = build\AvaloniaDiagnostics.props
		build\AvaloniaWin32.props = build\AvaloniaWin32.props
		build\AvaloniaXamlLoader.props = build\AvaloniaXamlLoader.props
	EndProjectSection
EndProject
Project("{FAE04EC0-301F-11D3-BF4B-00C04F79EFBC}") = "Regul.ModuleSystem", "src\Regul.ModuleSystem\Regul.ModuleSystem.csproj", "{D61A5143-38B6-43B3-A4BC-96DE3F0A4910}"
EndProject
Global
	GlobalSection(SolutionConfigurationPlatforms) = preSolution
		Debug|Any CPU = Debug|Any CPU
		Release|Any CPU = Release|Any CPU
	EndGlobalSection
	GlobalSection(ProjectConfigurationPlatforms) = postSolution
		{E9ED0E74-8E97-4423-899E-A7813F6C4360}.Debug|Any CPU.ActiveCfg = Debug|Any CPU
		{E9ED0E74-8E97-4423-899E-A7813F6C4360}.Debug|Any CPU.Build.0 = Debug|Any CPU
		{E9ED0E74-8E97-4423-899E-A7813F6C4360}.Release|Any CPU.ActiveCfg = Release|Any CPU
		{E9ED0E74-8E97-4423-899E-A7813F6C4360}.Release|Any CPU.Build.0 = Release|Any CPU
		{2189B03D-2CF0-460B-BDFC-C28F4DE580A1}.Debug|Any CPU.ActiveCfg = Debug|Any CPU
		{2189B03D-2CF0-460B-BDFC-C28F4DE580A1}.Debug|Any CPU.Build.0 = Debug|Any CPU
		{2189B03D-2CF0-460B-BDFC-C28F4DE580A1}.Release|Any CPU.ActiveCfg = Release|Any CPU
		{2189B03D-2CF0-460B-BDFC-C28F4DE580A1}.Release|Any CPU.Build.0 = Release|Any CPU
		{C5BC17BF-8B1F-482C-A3C5-D25B48527169}.Debug|Any CPU.ActiveCfg = Debug|Any CPU
		{C5BC17BF-8B1F-482C-A3C5-D25B48527169}.Debug|Any CPU.Build.0 = Debug|Any CPU
		{C5BC17BF-8B1F-482C-A3C5-D25B48527169}.Release|Any CPU.ActiveCfg = Release|Any CPU
		{C5BC17BF-8B1F-482C-A3C5-D25B48527169}.Release|Any CPU.Build.0 = Release|Any CPU
		{D61A5143-38B6-43B3-A4BC-96DE3F0A4910}.Debug|Any CPU.ActiveCfg = Debug|Any CPU
		{D61A5143-38B6-43B3-A4BC-96DE3F0A4910}.Debug|Any CPU.Build.0 = Debug|Any CPU
		{D61A5143-38B6-43B3-A4BC-96DE3F0A4910}.Release|Any CPU.ActiveCfg = Release|Any CPU
		{D61A5143-38B6-43B3-A4BC-96DE3F0A4910}.Release|Any CPU.Build.0 = Release|Any CPU
	EndGlobalSection
EndGlobal
